// !$*UTF8*$!
{
	archiveVersion = 1;
	classes = {
	};
	objectVersion = 46;
	objects = {

/* Begin PBXBuildFile section */
		04FC4AD1184D515000786F4C /* Foundation.framework in Frameworks */ = {isa = PBXBuildFile; fileRef = 04FC4AD0184D515000786F4C /* Foundation.framework */; };
		04FC4AD3184D515000786F4C /* CoreGraphics.framework in Frameworks */ = {isa = PBXBuildFile; fileRef = 04FC4AD2184D515000786F4C /* CoreGraphics.framework */; };
		04FC4AD5184D515000786F4C /* UIKit.framework in Frameworks */ = {isa = PBXBuildFile; fileRef = 04FC4AD4184D515000786F4C /* UIKit.framework */; };
		04FC4ADB184D515000786F4C /* InfoPlist.strings in Resources */ = {isa = PBXBuildFile; fileRef = 04FC4AD9184D515000786F4C /* InfoPlist.strings */; };
		04FC4ADD184D515000786F4C /* main.m in Sources */ = {isa = PBXBuildFile; fileRef = 04FC4ADC184D515000786F4C /* main.m */; };
		04FC4AE1184D515000786F4C /* AppDelegate.m in Sources */ = {isa = PBXBuildFile; fileRef = 04FC4AE0184D515000786F4C /* AppDelegate.m */; };
		04FC4AE4184D515000786F4C /* Main.storyboard in Resources */ = {isa = PBXBuildFile; fileRef = 04FC4AE2184D515000786F4C /* Main.storyboard */; };
		04FC4AE7184D515000786F4C /* ViewController.m in Sources */ = {isa = PBXBuildFile; fileRef = 04FC4AE6184D515000786F4C /* ViewController.m */; };
		04FC4AE9184D515000786F4C /* Images.xcassets in Resources */ = {isa = PBXBuildFile; fileRef = 04FC4AE8184D515000786F4C /* Images.xcassets */; };
		04FC4AF0184D515000786F4C /* XCTest.framework in Frameworks */ = {isa = PBXBuildFile; fileRef = 04FC4AEF184D515000786F4C /* XCTest.framework */; };
		04FC4AF1184D515000786F4C /* Foundation.framework in Frameworks */ = {isa = PBXBuildFile; fileRef = 04FC4AD0184D515000786F4C /* Foundation.framework */; };
		04FC4AF2184D515000786F4C /* UIKit.framework in Frameworks */ = {isa = PBXBuildFile; fileRef = 04FC4AD4184D515000786F4C /* UIKit.framework */; };
		04FC4AFA184D515000786F4C /* InfoPlist.strings in Resources */ = {isa = PBXBuildFile; fileRef = 04FC4AF8184D515000786F4C /* InfoPlist.strings */; };
		04FC4AFC184D515000786F4C /* RESTTests.m in Sources */ = {isa = PBXBuildFile; fileRef = 04FC4AFB184D515000786F4C /* RESTTests.m */; };
/* End PBXBuildFile section */

/* Begin PBXContainerItemProxy section */
		04FC4AF3184D515000786F4C /* PBXContainerItemProxy */ = {
			isa = PBXContainerItemProxy;
			containerPortal = 04FC4AC5184D515000786F4C /* Project object */;
			proxyType = 1;
			remoteGlobalIDString = 04FC4ACC184D515000786F4C;
			remoteInfo = REST;
		};
/* End PBXContainerItemProxy section */

/* Begin PBXFileReference section */
		04FC4ACD184D515000786F4C /* REST.app */ = {isa = PBXFileReference; explicitFileType = wrapper.application; includeInIndex = 0; path = REST.app; sourceTree = BUILT_PRODUCTS_DIR; };
		04FC4AD0184D515000786F4C /* Foundation.framework */ = {isa = PBXFileReference; lastKnownFileType = wrapper.framework; name = Foundation.framework; path = System/Library/Frameworks/Foundation.framework; sourceTree = SDKROOT; };
		04FC4AD2184D515000786F4C /* CoreGraphics.framework */ = {isa = PBXFileReference; lastKnownFileType = wrapper.framework; name = CoreGraphics.framework; path = System/Library/Frameworks/CoreGraphics.framework; sourceTree = SDKROOT; };
		04FC4AD4184D515000786F4C /* UIKit.framework */ = {isa = PBXFileReference; lastKnownFileType = wrapper.framework; name = UIKit.framework; path = System/Library/Frameworks/UIKit.framework; sourceTree = SDKROOT; };
		04FC4AD8184D515000786F4C /* REST-Info.plist */ = {isa = PBXFileReference; lastKnownFileType = text.plist.xml; path = "REST-Info.plist"; sourceTree = "<group>"; };
		04FC4ADA184D515000786F4C /* en */ = {isa = PBXFileReference; lastKnownFileType = text.plist.strings; name = en; path = en.lproj/InfoPlist.strings; sourceTree = "<group>"; };
		04FC4ADC184D515000786F4C /* main.m */ = {isa = PBXFileReference; lastKnownFileType = sourcecode.c.objc; path = main.m; sourceTree = "<group>"; };
		04FC4ADE184D515000786F4C /* REST-Prefix.pch */ = {isa = PBXFileReference; lastKnownFileType = sourcecode.c.h; path = "REST-Prefix.pch"; sourceTree = "<group>"; };
		04FC4ADF184D515000786F4C /* AppDelegate.h */ = {isa = PBXFileReference; lastKnownFileType = sourcecode.c.h; path = AppDelegate.h; sourceTree = "<group>"; };
		04FC4AE0184D515000786F4C /* AppDelegate.m */ = {isa = PBXFileReference; lastKnownFileType = sourcecode.c.objc; path = AppDelegate.m; sourceTree = "<group>"; };
		04FC4AE3184D515000786F4C /* Base */ = {isa = PBXFileReference; lastKnownFileType = file.storyboard; name = Base; path = Base.lproj/Main.storyboard; sourceTree = "<group>"; };
		04FC4AE5184D515000786F4C /* ViewController.h */ = {isa = PBXFileReference; lastKnownFileType = sourcecode.c.h; path = ViewController.h; sourceTree = "<group>"; };
		04FC4AE6184D515000786F4C /* ViewController.m */ = {isa = PBXFileReference; lastKnownFileType = sourcecode.c.objc; path = ViewController.m; sourceTree = "<group>"; };
		04FC4AE8184D515000786F4C /* Images.xcassets */ = {isa = PBXFileReference; lastKnownFileType = folder.assetcatalog; path = Images.xcassets; sourceTree = "<group>"; };
		04FC4AEE184D515000786F4C /* RESTTests.xctest */ = {isa = PBXFileReference; explicitFileType = wrapper.cfbundle; includeInIndex = 0; path = RESTTests.xctest; sourceTree = BUILT_PRODUCTS_DIR; };
		04FC4AEF184D515000786F4C /* XCTest.framework */ = {isa = PBXFileReference; lastKnownFileType = wrapper.framework; name = XCTest.framework; path = Library/Frameworks/XCTest.framework; sourceTree = DEVELOPER_DIR; };
		04FC4AF7184D515000786F4C /* RESTTests-Info.plist */ = {isa = PBXFileReference; lastKnownFileType = text.plist.xml; path = "RESTTests-Info.plist"; sourceTree = "<group>"; };
		04FC4AF9184D515000786F4C /* en */ = {isa = PBXFileReference; lastKnownFileType = text.plist.strings; name = en; path = en.lproj/InfoPlist.strings; sourceTree = "<group>"; };
		04FC4AFB184D515000786F4C /* RESTTests.m */ = {isa = PBXFileReference; lastKnownFileType = sourcecode.c.objc; path = RESTTests.m; sourceTree = "<group>"; };
/* End PBXFileReference section */

/* Begin PBXFrameworksBuildPhase section */
		04FC4ACA184D515000786F4C /* Frameworks */ = {
			isa = PBXFrameworksBuildPhase;
			buildActionMask = 2147483647;
			files = (
				04FC4AD3184D515000786F4C /* CoreGraphics.framework in Frameworks */,
				04FC4AD5184D515000786F4C /* UIKit.framework in Frameworks */,
				04FC4AD1184D515000786F4C /* Foundation.framework in Frameworks */,
			);
			runOnlyForDeploymentPostprocessing = 0;
		};
		04FC4AEB184D515000786F4C /* Frameworks */ = {
			isa = PBXFrameworksBuildPhase;
			buildActionMask = 2147483647;
			files = (
				04FC4AF0184D515000786F4C /* XCTest.framework in Frameworks */,
				04FC4AF2184D515000786F4C /* UIKit.framework in Frameworks */,
				04FC4AF1184D515000786F4C /* Foundation.framework in Frameworks */,
			);
			runOnlyForDeploymentPostprocessing = 0;
		};
/* End PBXFrameworksBuildPhase section */

/* Begin PBXGroup section */
		04FC4AC4184D515000786F4C = {
			isa = PBXGroup;
			children = (
				04FC4AD6184D515000786F4C /* REST */,
				04FC4AF5184D515000786F4C /* RESTTests */,
				04FC4ACF184D515000786F4C /* Frameworks */,
				04FC4ACE184D515000786F4C /* Products */,
			);
			sourceTree = "<group>";
		};
		04FC4ACE184D515000786F4C /* Products */ = {
			isa = PBXGroup;
			children = (
				04FC4ACD184D515000786F4C /* REST.app */,
				04FC4AEE184D515000786F4C /* RESTTests.xctest */,
			);
			name = Products;
			sourceTree = "<group>";
		};
		04FC4ACF184D515000786F4C /* Frameworks */ = {
			isa = PBXGroup;
			children = (
				04FC4AD0184D515000786F4C /* Foundation.framework */,
				04FC4AD2184D515000786F4C /* CoreGraphics.framework */,
				04FC4AD4184D515000786F4C /* UIKit.framework */,
				04FC4AEF184D515000786F4C /* XCTest.framework */,
			);
			name = Frameworks;
			sourceTree = "<group>";
		};
		04FC4AD6184D515000786F4C /* REST */ = {
			isa = PBXGroup;
			children = (
				04FC4ADF184D515000786F4C /* AppDelegate.h */,
				04FC4AE0184D515000786F4C /* AppDelegate.m */,
				04FC4AE2184D515000786F4C /* Main.storyboard */,
				04FC4AE5184D515000786F4C /* ViewController.h */,
				04FC4AE6184D515000786F4C /* ViewController.m */,
				04FC4AE8184D515000786F4C /* Images.xcassets */,
				04FC4AD7184D515000786F4C /* Supporting Files */,
			);
			path = REST;
			sourceTree = "<group>";
		};
		04FC4AD7184D515000786F4C /* Supporting Files */ = {
			isa = PBXGroup;
			children = (
				04FC4AD8184D515000786F4C /* REST-Info.plist */,
				04FC4AD9184D515000786F4C /* InfoPlist.strings */,
				04FC4ADC184D515000786F4C /* main.m */,
				04FC4ADE184D515000786F4C /* REST-Prefix.pch */,
			);
			name = "Supporting Files";
			sourceTree = "<group>";
		};
		04FC4AF5184D515000786F4C /* RESTTests */ = {
			isa = PBXGroup;
			children = (
				04FC4AFB184D515000786F4C /* RESTTests.m */,
				04FC4AF6184D515000786F4C /* Supporting Files */,
			);
			path = RESTTests;
			sourceTree = "<group>";
		};
		04FC4AF6184D515000786F4C /* Supporting Files */ = {
			isa = PBXGroup;
			children = (
				04FC4AF7184D515000786F4C /* RESTTests-Info.plist */,
				04FC4AF8184D515000786F4C /* InfoPlist.strings */,
			);
			name = "Supporting Files";
			sourceTree = "<group>";
		};
/* End PBXGroup section */

/* Begin PBXNativeTarget section */
		04FC4ACC184D515000786F4C /* REST */ = {
			isa = PBXNativeTarget;
			buildConfigurationList = 04FC4AFF184D515000786F4C /* Build configuration list for PBXNativeTarget "REST" */;
			buildPhases = (
				04FC4AC9184D515000786F4C /* Sources */,
				04FC4ACA184D515000786F4C /* Frameworks */,
				04FC4ACB184D515000786F4C /* Resources */,
			);
			buildRules = (
			);
			dependencies = (
			);
			name = REST;
			productName = REST;
			productReference = 04FC4ACD184D515000786F4C /* REST.app */;
			productType = "com.apple.product-type.application";
		};
		04FC4AED184D515000786F4C /* RESTTests */ = {
			isa = PBXNativeTarget;
			buildConfigurationList = 04FC4B02184D515000786F4C /* Build configuration list for PBXNativeTarget "RESTTests" */;
			buildPhases = (
				04FC4AEA184D515000786F4C /* Sources */,
				04FC4AEB184D515000786F4C /* Frameworks */,
				04FC4AEC184D515000786F4C /* Resources */,
			);
			buildRules = (
			);
			dependencies = (
				04FC4AF4184D515000786F4C /* PBXTargetDependency */,
			);
			name = RESTTests;
			productName = RESTTests;
			productReference = 04FC4AEE184D515000786F4C /* RESTTests.xctest */;
			productType = "com.apple.product-type.bundle.unit-test";
		};
/* End PBXNativeTarget section */

/* Begin PBXProject section */
		04FC4AC5184D515000786F4C /* Project object */ = {
			isa = PBXProject;
			attributes = {
				LastUpgradeCheck = 0500;
				ORGANIZATIONNAME = "Jack Murphy";
				TargetAttributes = {
					04FC4AED184D515000786F4C = {
						TestTargetID = 04FC4ACC184D515000786F4C;
					};
				};
			};
			buildConfigurationList = 04FC4AC8184D515000786F4C /* Build configuration list for PBXProject "REST" */;
			compatibilityVersion = "Xcode 3.2";
			developmentRegion = English;
			hasScannedForEncodings = 0;
			knownRegions = (
				en,
				Base,
			);
			mainGroup = 04FC4AC4184D515000786F4C;
			productRefGroup = 04FC4ACE184D515000786F4C /* Products */;
			projectDirPath = "";
			projectRoot = "";
			targets = (
				04FC4ACC184D515000786F4C /* REST */,
				04FC4AED184D515000786F4C /* RESTTests */,
			);
		};
/* End PBXProject section */

/* Begin PBXResourcesBuildPhase section */
		04FC4ACB184D515000786F4C /* Resources */ = {
			isa = PBXResourcesBuildPhase;
			buildActionMask = 2147483647;
			files = (
				04FC4AE9184D515000786F4C /* Images.xcassets in Resources */,
				04FC4ADB184D515000786F4C /* InfoPlist.strings in Resources */,
				04FC4AE4184D515000786F4C /* Main.storyboard in Resources */,
			);
			runOnlyForDeploymentPostprocessing = 0;
		};
		04FC4AEC184D515000786F4C /* Resources */ = {
			isa = PBXResourcesBuildPhase;
			buildActionMask = 2147483647;
			files = (
				04FC4AFA184D515000786F4C /* InfoPlist.strings in Resources */,
			);
			runOnlyForDeploymentPostprocessing = 0;
		};
/* End PBXResourcesBuildPhase section */

/* Begin PBXSourcesBuildPhase section */
		04FC4AC9184D515000786F4C /* Sources */ = {
			isa = PBXSourcesBuildPhase;
			buildActionMask = 2147483647;
			files = (
				04FC4AE7184D515000786F4C /* ViewController.m in Sources */,
				04FC4AE1184D515000786F4C /* AppDelegate.m in Sources */,
				04FC4ADD184D515000786F4C /* main.m in Sources */,
			);
			runOnlyForDeploymentPostprocessing = 0;
		};
		04FC4AEA184D515000786F4C /* Sources */ = {
			isa = PBXSourcesBuildPhase;
			buildActionMask = 2147483647;
			files = (
				04FC4AFC184D515000786F4C /* RESTTests.m in Sources */,
			);
			runOnlyForDeploymentPostprocessing = 0;
		};
/* End PBXSourcesBuildPhase section */

/* Begin PBXTargetDependency section */
		04FC4AF4184D515000786F4C /* PBXTargetDependency */ = {
			isa = PBXTargetDependency;
			target = 04FC4ACC184D515000786F4C /* REST */;
			targetProxy = 04FC4AF3184D515000786F4C /* PBXContainerItemProxy */;
		};
/* End PBXTargetDependency section */

/* Begin PBXVariantGroup section */
		04FC4AD9184D515000786F4C /* InfoPlist.strings */ = {
			isa = PBXVariantGroup;
			children = (
				04FC4ADA184D515000786F4C /* en */,
			);
			name = InfoPlist.strings;
			sourceTree = "<group>";
		};
		04FC4AE2184D515000786F4C /* Main.storyboard */ = {
			isa = PBXVariantGroup;
			children = (
				04FC4AE3184D515000786F4C /* Base */,
			);
			name = Main.storyboard;
			sourceTree = "<group>";
		};
		04FC4AF8184D515000786F4C /* InfoPlist.strings */ = {
			isa = PBXVariantGroup;
			children = (
				04FC4AF9184D515000786F4C /* en */,
			);
			name = InfoPlist.strings;
			sourceTree = "<group>";
		};
/* End PBXVariantGroup section */

/* Begin XCBuildConfiguration section */
		04FC4AFD184D515000786F4C /* Debug */ = {
			isa = XCBuildConfiguration;
			buildSettings = {
				ALWAYS_SEARCH_USER_PATHS = NO;
				ARCHS = "$(ARCHS_STANDARD_INCLUDING_64_BIT)";
				CLANG_CXX_LANGUAGE_STANDARD = "gnu++0x";
				CLANG_CXX_LIBRARY = "libc++";
				CLANG_ENABLE_MODULES = YES;
				CLANG_ENABLE_OBJC_ARC = YES;
				CLANG_WARN_BOOL_CONVERSION = YES;
				CLANG_WARN_CONSTANT_CONVERSION = YES;
				CLANG_WARN_DIRECT_OBJC_ISA_USAGE = YES_ERROR;
				CLANG_WARN_EMPTY_BODY = YES;
				CLANG_WARN_ENUM_CONVERSION = YES;
				CLANG_WARN_INT_CONVERSION = YES;
				CLANG_WARN_OBJC_ROOT_CLASS = YES_ERROR;
				CLANG_WARN__DUPLICATE_METHOD_MATCH = YES;
				"CODE_SIGN_IDENTITY[sdk=iphoneos*]" = "iPhone Developer";
				COPY_PHASE_STRIP = NO;
				GCC_C_LANGUAGE_STANDARD = gnu99;
				GCC_DYNAMIC_NO_PIC = NO;
				GCC_OPTIMIZATION_LEVEL = 0;
				GCC_PREPROCESSOR_DEFINITIONS = (
					"DEBUG=1",
					"$(inherited)",
				);
				GCC_SYMBOLS_PRIVATE_EXTERN = NO;
				GCC_WARN_64_TO_32_BIT_CONVERSION = YES;
				GCC_WARN_ABOUT_RETURN_TYPE = YES_ERROR;
				GCC_WARN_UNDECLARED_SELECTOR = YES;
				GCC_WARN_UNINITIALIZED_AUTOS = YES;
				GCC_WARN_UNUSED_FUNCTION = YES;
				GCC_WARN_UNUSED_VARIABLE = YES;
				IPHONEOS_DEPLOYMENT_TARGET = 7.0;
				ONLY_ACTIVE_ARCH = YES;
				SDKROOT = iphoneos;
			};
			name = Debug;
		};
		04FC4AFE184D515000786F4C /* Release */ = {
			isa = XCBuildConfiguration;
			buildSettings = {
				ALWAYS_SEARCH_USER_PATHS = NO;
				ARCHS = "$(ARCHS_STANDARD_INCLUDING_64_BIT)";
				CLANG_CXX_LANGUAGE_STANDARD = "gnu++0x";
				CLANG_CXX_LIBRARY = "libc++";
				CLANG_ENABLE_MODULES = YES;
				CLANG_ENABLE_OBJC_ARC = YES;
				CLANG_WARN_BOOL_CONVERSION = YES;
				CLANG_WARN_CONSTANT_CONVERSION = YES;
				CLANG_WARN_DIRECT_OBJC_ISA_USAGE = YES_ERROR;
				CLANG_WARN_EMPTY_BODY = YES;
				CLANG_WARN_ENUM_CONVERSION = YES;
				CLANG_WARN_INT_CONVERSION = YES;
				CLANG_WARN_OBJC_ROOT_CLASS = YES_ERROR;
				CLANG_WARN__DUPLICATE_METHOD_MATCH = YES;
				"CODE_SIGN_IDENTITY[sdk=iphoneos*]" = "iPhone Developer";
				COPY_PHASE_STRIP = YES;
				ENABLE_NS_ASSERTIONS = NO;
				GCC_C_LANGUAGE_STANDARD = gnu99;
				GCC_WARN_64_TO_32_BIT_CONVERSION = YES;
				GCC_WARN_ABOUT_RETURN_TYPE = YES_ERROR;
				GCC_WARN_UNDECLARED_SELECTOR = YES;
				GCC_WARN_UNINITIALIZED_AUTOS = YES;
				GCC_WARN_UNUSED_FUNCTION = YES;
				GCC_WARN_UNUSED_VARIABLE = YES;
				IPHONEOS_DEPLOYMENT_TARGET = 7.0;
				SDKROOT = iphoneos;
				VALIDATE_PRODUCT = YES;
			};
			name = Release;
		};
		04FC4B00184D515000786F4C /* Debug */ = {
			isa = XCBuildConfiguration;
			buildSettings = {
				ASSETCATALOG_COMPILER_APPICON_NAME = AppIcon;
				ASSETCATALOG_COMPILER_LAUNCHIMAGE_NAME = LaunchImage;
				GCC_PRECOMPILE_PREFIX_HEADER = YES;
				GCC_PREFIX_HEADER = "REST/REST-Prefix.pch";
				INFOPLIST_FILE = "REST/REST-Info.plist";
				PRODUCT_NAME = "$(TARGET_NAME)";
				WRAPPER_EXTENSION = app;
			};
			name = Debug;
		};
		04FC4B01184D515000786F4C /* Release */ = {
			isa = XCBuildConfiguration;
			buildSettings = {
				ASSETCATALOG_COMPILER_APPICON_NAME = AppIcon;
				ASSETCATALOG_COMPILER_LAUNCHIMAGE_NAME = LaunchImage;
				GCC_PRECOMPILE_PREFIX_HEADER = YES;
				GCC_PREFIX_HEADER = "REST/REST-Prefix.pch";
				INFOPLIST_FILE = "REST/REST-Info.plist";
				PRODUCT_NAME = "$(TARGET_NAME)";
				WRAPPER_EXTENSION = app;
			};
			name = Release;
		};
		04FC4B03184D515000786F4C /* Debug */ = {
			isa = XCBuildConfiguration;
			buildSettings = {
				ARCHS = "$(ARCHS_STANDARD_INCLUDING_64_BIT)";
				BUNDLE_LOADER = "$(BUILT_PRODUCTS_DIR)/REST.app/REST";
				FRAMEWORK_SEARCH_PATHS = (
					"$(SDKROOT)/Developer/Library/Frameworks",
					"$(inherited)",
					"$(DEVELOPER_FRAMEWORKS_DIR)",
				);
				GCC_PRECOMPILE_PREFIX_HEADER = YES;
				GCC_PREFIX_HEADER = "REST/REST-Prefix.pch";
				GCC_PREPROCESSOR_DEFINITIONS = (
					"DEBUG=1",
					"$(inherited)",
				);
				INFOPLIST_FILE = "RESTTests/RESTTests-Info.plist";
				PRODUCT_NAME = "$(TARGET_NAME)";
				TEST_HOST = "$(BUNDLE_LOADER)";
				WRAPPER_EXTENSION = xctest;
			};
			name = Debug;
		};
		04FC4B04184D515000786F4C /* Release */ = {
			isa = XCBuildConfiguration;
			buildSettings = {
				ARCHS = "$(ARCHS_STANDARD_INCLUDING_64_BIT)";
				BUNDLE_LOADER = "$(BUILT_PRODUCTS_DIR)/REST.app/REST";
				FRAMEWORK_SEARCH_PATHS = (
					"$(SDKROOT)/Developer/Library/Frameworks",
					"$(inherited)",
					"$(DEVELOPER_FRAMEWORKS_DIR)",
				);
				GCC_PRECOMPILE_PREFIX_HEADER = YES;
				GCC_PREFIX_HEADER = "REST/REST-Prefix.pch";
				INFOPLIST_FILE = "RESTTests/RESTTests-Info.plist";
				PRODUCT_NAME = "$(TARGET_NAME)";
				TEST_HOST = "$(BUNDLE_LOADER)";
				WRAPPER_EXTENSION = xctest;
			};
			name = Release;
		};
/* End XCBuildConfiguration section */

/* Begin XCConfigurationList section */
		04FC4AC8184D515000786F4C /* Build configuration list for PBXProject "REST" */ = {
			isa = XCConfigurationList;
			buildConfigurations = (
				04FC4AFD184D515000786F4C /* Debug */,
				04FC4AFE184D515000786F4C /* Release */,
			);
			defaultConfigurationIsVisible = 0;
			defaultConfigurationName = Release;
		};
		04FC4AFF184D515000786F4C /* Build configuration list for PBXNativeTarget "REST" */ = {
			isa = XCConfigurationList;
			buildConfigurations = (
				04FC4B00184D515000786F4C /* Debug */,
				04FC4B01184D515000786F4C /* Release */,
			);
			defaultConfigurationIsVisible = 0;
		};
		04FC4B02184D515000786F4C /* Build configuration list for PBXNativeTarget "RESTTests" */ = {
			isa = XCConfigurationList;
			buildConfigurations = (
				04FC4B03184D515000786F4C /* Debug */,
				04FC4B04184D515000786F4C /* Release */,
			);
			defaultConfigurationIsVisible = 0;
		};
/* End XCConfigurationList section */
	};
	rootObject = 04FC4AC5184D515000786F4C /* Project object */;
}
